{
  "name": "@unitybase/logview",
  "version": "1.0.1",
  "lockfileVersion": 2,
  "requires": true,
  "packages": {
    "": {
      "name": "@unitybase/logview",
      "version": "1.0.1",
      "license": "(GPL-3.0 OR LGPL-3.0 OR MPL-2.0)",
      "dependencies": {
        "@unitybase/base": "^5.23.8",
        "@unitybase/cs-shared": "^5.23.7",
        "@unitybase/ub": "^5.23.14",
        "@unitybase/uba": "^5.23.17",
        "sql-formatter": "^10.6.0"
      },
      "devDependencies": {
        "@unitybase/stubs": "^5.22.8",
        "@unitybase/update-changelog": "^1.0.4"
      }
    },
    "../base": {
      "name": "@unitybase/base",
      "version": "5.23.8",
      "license": "(GPL-3.0 OR LGPL-3.0 OR MPL-2.0)",
      "dependencies": {
        "@unitybase/cryptojs": "^1.0.14",
        "@unitybase/cs-shared": "^5.23.7",
        "lodash": "^4"
      },
      "devDependencies": {
        "@unitybase/stubs": "^5.22.8",
        "@unitybase/update-changelog": "^1.0.4"
      },
      "engines": {
        "ub": "^5.0.0"
      }
    },
    "../base/node_modules/@unitybase/cryptojs": {
      "resolved": "../cryptojs",
      "link": true
    },
    "../base/node_modules/@unitybase/cs-shared": {
      "resolved": "../cs-shared",
      "link": true
    },
    "../base/node_modules/@unitybase/stubs": {
      "resolved": "../stubs",
      "link": true
    },
    "../base/node_modules/@unitybase/update-changelog": {
      "resolved": "../update-changelog",
      "link": true
    },
    "../base/node_modules/lodash": {
      "version": "4.17.21",
      "license": "MIT"
    },
    "../blob-stores": {
      "name": "@unitybase/blob-stores",
      "version": "5.23.9",
      "license": "(GPL-3.0 OR LGPL-3.0 OR MPL-2.0)",
      "dependencies": {
        "@unitybase/base": "^5.23.8",
        "@unitybase/cs-shared": "^5.23.7",
        "lodash": "^4",
        "mime-types": "^2.1.14"
      },
      "devDependencies": {
        "@unitybase/stubs": "^5.22.8",
        "@unitybase/update-changelog": "^1.0.4"
      }
    },
    "../blob-stores/node_modules/@unitybase/base": {
      "resolved": "../base",
      "link": true
    },
    "../blob-stores/node_modules/@unitybase/cs-shared": {
      "resolved": "../cs-shared",
      "link": true
    },
    "../blob-stores/node_modules/@unitybase/stubs": {
      "resolved": "../stubs",
      "link": true
    },
    "../blob-stores/node_modules/@unitybase/update-changelog": {
      "resolved": "../update-changelog",
      "link": true
    },
    "../blob-stores/node_modules/lodash": {
      "version": "4.17.21",
      "license": "MIT"
    },
    "../blob-stores/node_modules/mime-db": {
      "version": "1.52.0",
      "license": "MIT",
      "engines": {
        "node": ">= 0.6"
      }
    },
    "../blob-stores/node_modules/mime-types": {
      "version": "2.1.35",
      "license": "MIT",
      "dependencies": {
        "mime-db": "1.52.0"
      },
      "engines": {
        "node": ">= 0.6"
      }
    },
    "../cryptojs": {
      "name": "@unitybase/cryptojs",
      "version": "1.0.14"
    },
    "../cs-shared": {
      "name": "@unitybase/cs-shared",
      "version": "5.23.7",
      "license": "(GPL-3.0 OR LGPL-3.0 OR MPL-2.0)",
      "dependencies": {
        "lodash": "^4"
      },
      "devDependencies": {
        "@unitybase/update-changelog": "^1.0.4"
      },
      "engines": {
        "ub": "^5.0.0"
      }
    },
    "../cs-shared/node_modules/@unitybase/update-changelog": {
      "resolved": "../update-changelog",
      "link": true
    },
    "../cs-shared/node_modules/lodash": {
      "version": "4.17.21",
      "license": "MIT"
    },
    "../stubs": {
      "name": "@unitybase/stubs",
      "version": "5.22.8",
      "dev": true,
      "license": "(GPL-3.0 OR LGPL-3.0 OR MPL-2.0)",
      "engines": {
        "ub": "5.0.0"
      }
    },
    "../ub": {
      "name": "@unitybase/ub",
      "version": "5.23.14",
      "license": "(GPL-3.0 OR LGPL-3.0 OR MPL-2.0)",
      "dependencies": {
        "@unitybase/base": "^5.23.8",
        "@unitybase/blob-stores": "^5.23.9",
        "@unitybase/cs-shared": "^5.23.7",
        "lodash": "^4",
        "mime-types": "^2.1.14"
      },
      "devDependencies": {
        "@unitybase/cryptojs": "^1.0.14",
        "@unitybase/stubs": "^5.22.8",
        "@unitybase/update-changelog": "^1.0.4"
      },
      "engines": {
        "ub": ">=5.22.15"
      }
    },
    "../ub/node_modules/@unitybase/base": {
      "resolved": "../base",
      "link": true
    },
    "../ub/node_modules/@unitybase/blob-stores": {
      "resolved": "../blob-stores",
      "link": true
    },
    "../ub/node_modules/@unitybase/cryptojs": {
      "resolved": "../cryptojs",
      "link": true
    },
    "../ub/node_modules/@unitybase/cs-shared": {
      "resolved": "../cs-shared",
      "link": true
    },
    "../ub/node_modules/@unitybase/stubs": {
      "resolved": "../stubs",
      "link": true
    },
    "../ub/node_modules/@unitybase/update-changelog": {
      "resolved": "../update-changelog",
      "link": true
    },
    "../ub/node_modules/lodash": {
      "version": "4.17.21",
      "license": "MIT"
    },
    "../ub/node_modules/mime-db": {
      "version": "1.52.0",
      "license": "MIT",
      "engines": {
        "node": ">= 0.6"
      }
    },
    "../ub/node_modules/mime-types": {
      "version": "2.1.35",
      "license": "MIT",
      "dependencies": {
        "mime-db": "1.52.0"
      },
      "engines": {
        "node": ">= 0.6"
      }
    },
    "../uba": {
      "name": "@unitybase/uba",
      "version": "5.23.17",
      "license": "(GPL-3.0 OR LGPL-3.0 OR MPL-2.0)",
      "dependencies": {
        "@unitybase/base": "^5.23.8",
        "@unitybase/cs-shared": "^5.23.7",
        "@unitybase/ub": "^5.23.14"
      },
      "devDependencies": {
        "@unitybase/stubs": "^5.22.8",
        "@unitybase/update-changelog": "^1.0.4"
      }
    },
    "../uba/node_modules/@unitybase/base": {
      "resolved": "../base",
      "link": true
    },
    "../uba/node_modules/@unitybase/cs-shared": {
      "resolved": "../cs-shared",
      "link": true
    },
    "../uba/node_modules/@unitybase/stubs": {
      "resolved": "../stubs",
      "link": true
    },
    "../uba/node_modules/@unitybase/ub": {
      "resolved": "../ub",
      "link": true
    },
    "../uba/node_modules/@unitybase/update-changelog": {
      "resolved": "../update-changelog",
      "link": true
    },
    "../update-changelog": {
      "name": "@unitybase/update-changelog",
      "version": "1.0.4",
      "dev": true,
      "license": "ISC",
      "bin": {
        "update-changelog": "bin/update-changelog.js"
      }
    },
    "node_modules/@unitybase/base": {
      "resolved": "../base",
      "link": true
    },
    "node_modules/@unitybase/cs-shared": {
      "resolved": "../cs-shared",
      "link": true
    },
    "node_modules/@unitybase/stubs": {
      "resolved": "../stubs",
      "link": true
    },
    "node_modules/@unitybase/ub": {
      "resolved": "../ub",
      "link": true
    },
    "node_modules/@unitybase/uba": {
      "resolved": "../uba",
      "link": true
    },
    "node_modules/@unitybase/update-changelog": {
      "resolved": "../update-changelog",
      "link": true
    },
    "node_modules/argparse": {
      "version": "2.0.1",
      "resolved": "https://registry.npmjs.org/argparse/-/argparse-2.0.1.tgz",
      "integrity": "sha512-8+9WqebbFzpX9OR+Wa6O29asIogeRMzcGtAINdpMHHyAg10f05aSFVBbcEqGf/PXw1EjAZ+q2/bEBg3DvurK3Q=="
    },
    "node_modules/commander": {
      "version": "2.20.3",
      "resolved": "https://registry.npmjs.org/commander/-/commander-2.20.3.tgz",
      "integrity": "sha512-GpVkmM8vF2vQUkj2LvZmD35JxeJOLCwJ9cUkugyk2nuhbv3+mJvpLYYt+0+USMxE+oj+ey/lJEnhZw75x/OMcQ=="
    },
    "node_modules/discontinuous-range": {
      "version": "1.0.0",
      "resolved": "https://registry.npmjs.org/discontinuous-range/-/discontinuous-range-1.0.0.tgz",
      "integrity": "sha512-c68LpLbO+7kP/b1Hr1qs8/BJ09F5khZGTxqxZuhzxpmwJKOgRFHJWIb9/KmqnqHhLdO55aOxFH/EGBvUQbL/RQ=="
    },
    "node_modules/moo": {
      "version": "0.5.1",
      "resolved": "https://registry.npmjs.org/moo/-/moo-0.5.1.tgz",
      "integrity": "sha512-I1mnb5xn4fO80BH9BLcF0yLypy2UKl+Cb01Fu0hJRkJjlCRtxZMWkTdAtDd5ZqCOxtCkhmRwyI57vWT+1iZ67w=="
    },
    "node_modules/nearley": {
      "version": "2.20.1",
      "resolved": "https://registry.npmjs.org/nearley/-/nearley-2.20.1.tgz",
      "integrity": "sha512-+Mc8UaAebFzgV+KpI5n7DasuuQCHA89dmwm7JXw3TV43ukfNQ9DnBH3Mdb2g/I4Fdxc26pwimBWvjIw0UAILSQ==",
      "dependencies": {
        "commander": "^2.19.0",
        "moo": "^0.5.0",
        "railroad-diagrams": "^1.0.0",
        "randexp": "0.4.6"
      },
      "bin": {
        "nearley-railroad": "bin/nearley-railroad.js",
        "nearley-test": "bin/nearley-test.js",
        "nearley-unparse": "bin/nearley-unparse.js",
        "nearleyc": "bin/nearleyc.js"
      },
      "funding": {
        "type": "individual",
        "url": "https://nearley.js.org/#give-to-nearley"
      }
    },
    "node_modules/railroad-diagrams": {
      "version": "1.0.0",
      "resolved": "https://registry.npmjs.org/railroad-diagrams/-/railroad-diagrams-1.0.0.tgz",
      "integrity": "sha512-cz93DjNeLY0idrCNOH6PviZGRN9GJhsdm9hpn1YCS879fj4W+x5IFJhhkRZcwVgMmFF7R82UA/7Oh+R8lLZg6A=="
    },
    "node_modules/randexp": {
      "version": "0.4.6",
      "resolved": "https://registry.npmjs.org/randexp/-/randexp-0.4.6.tgz",
      "integrity": "sha512-80WNmd9DA0tmZrw9qQa62GPPWfuXJknrmVmLcxvq4uZBdYqb1wYoKTmnlGUchvVWe0XiLupYkBoXVOxz3C8DYQ==",
      "dependencies": {
        "discontinuous-range": "1.0.0",
        "ret": "~0.1.10"
      },
      "engines": {
        "node": ">=0.12"
      }
    },
    "node_modules/ret": {
      "version": "0.1.15",
      "resolved": "https://registry.npmjs.org/ret/-/ret-0.1.15.tgz",
      "integrity": "sha512-TTlYpa+OL+vMMNG24xSlQGEJ3B/RzEfUlLct7b5G/ytav+wPrplCpVMFuwzXbkecJrb6IYo1iFb0S9v37754mg==",
      "engines": {
        "node": ">=0.12"
      }
    },
    "node_modules/sql-formatter": {
      "version": "10.6.0",
      "resolved": "https://registry.npmjs.org/sql-formatter/-/sql-formatter-10.6.0.tgz",
      "integrity": "sha512-JJ8Hzz0DvucqOq+OGjJIUm8wqkh5BDBOfqG5hMiTUtoA9dlAHaG+E1nG1zNPPXkdltN3UnwXkWvQ3mTpWVISUg==",
      "dependencies": {
        "argparse": "^2.0.1",
        "nearley": "^2.20.1"
      },
      "bin": {
        "sql-formatter": "bin/sql-formatter-cli.js"
      }
    }
  },
  "dependencies": {
    "@unitybase/base": {
      "version": "file:../base",
      "requires": {
        "@unitybase/cryptojs": "^1.0.14",
        "@unitybase/cs-shared": "^5.23.7",
        "@unitybase/stubs": "^5.22.8",
        "@unitybase/update-changelog": "^1.0.4",
        "lodash": "^4"
      },
      "dependencies": {
        "@unitybase/cryptojs": {
          "version": "file:../cryptojs"
        },
        "@unitybase/cs-shared": {
          "version": "file:../cs-shared",
          "requires": {
            "@unitybase/update-changelog": "^1.0.4",
            "lodash": "^4"
          },
          "dependencies": {
            "@unitybase/update-changelog": {
              "version": "file:../update-changelog"
            },
            "lodash": {
              "version": "4.17.21"
            }
          }
        },
        "@unitybase/stubs": {
          "version": "file:../stubs"
        },
        "@unitybase/update-changelog": {
          "version": "file:../update-changelog"
        },
        "lodash": {
          "version": "4.17.21"
        }
      }
    },
    "@unitybase/cs-shared": {
      "version": "file:../cs-shared",
      "requires": {
        "@unitybase/update-changelog": "^1.0.4",
        "lodash": "^4"
      },
      "dependencies": {
        "@unitybase/update-changelog": {
          "version": "file:../update-changelog"
        },
        "lodash": {
          "version": "4.17.21"
        }
      }
    },
    "@unitybase/stubs": {
      "version": "file:../stubs"
    },
    "@unitybase/ub": {
      "version": "file:../ub",
      "requires": {
        "@unitybase/base": "^5.23.8",
        "@unitybase/blob-stores": "^5.23.9",
        "@unitybase/cryptojs": "^1.0.14",
        "@unitybase/cs-shared": "^5.23.7",
        "@unitybase/stubs": "^5.22.8",
        "@unitybase/update-changelog": "^1.0.4",
        "lodash": "^4",
        "mime-types": "^2.1.14"
      },
      "dependencies": {
        "@unitybase/base": {
          "version": "file:../base",
          "requires": {
            "@unitybase/cryptojs": "^1.0.14",
            "@unitybase/cs-shared": "^5.23.7",
            "@unitybase/stubs": "^5.22.8",
            "@unitybase/update-changelog": "^1.0.4",
            "lodash": "^4"
          },
          "dependencies": {
            "@unitybase/cryptojs": {
              "version": "file:../cryptojs"
            },
            "@unitybase/cs-shared": {
              "version": "file:../cs-shared",
              "requires": {
                "@unitybase/update-changelog": "^1.0.4",
                "lodash": "^4"
              },
              "dependencies": {
                "@unitybase/update-changelog": {
                  "version": "file:../update-changelog"
                },
                "lodash": {
                  "version": "4.17.21"
                }
              }
            },
            "@unitybase/stubs": {
              "version": "file:../stubs"
            },
            "@unitybase/update-changelog": {
              "version": "file:../update-changelog"
            },
            "lodash": {
              "version": "4.17.21"
            }
          }
        },
        "@unitybase/blob-stores": {
          "version": "file:../blob-stores",
          "requires": {
            "@unitybase/base": "^5.23.8",
            "@unitybase/cs-shared": "^5.23.7",
            "@unitybase/stubs": "^5.22.8",
            "@unitybase/update-changelog": "^1.0.4",
            "lodash": "^4",
            "mime-types": "^2.1.14"
          },
          "dependencies": {
            "@unitybase/base": {
              "version": "file:../base",
              "requires": {
                "@unitybase/cryptojs": "^1.0.14",
                "@unitybase/cs-shared": "^5.23.7",
                "@unitybase/stubs": "^5.22.8",
                "@unitybase/update-changelog": "^1.0.4",
                "lodash": "^4"
              },
              "dependencies": {
                "@unitybase/cryptojs": {
                  "version": "file:../cryptojs"
                },
                "@unitybase/cs-shared": {
                  "version": "file:../cs-shared",
                  "requires": {
                    "@unitybase/update-changelog": "^1.0.4",
                    "lodash": "^4"
                  },
                  "dependencies": {
                    "@unitybase/update-changelog": {
                      "version": "file:../update-changelog"
                    },
                    "lodash": {
                      "version": "4.17.21"
                    }
                  }
                },
                "@unitybase/stubs": {
                  "version": "file:../stubs"
                },
                "@unitybase/update-changelog": {
                  "version": "file:../update-changelog"
                },
                "lodash": {
                  "version": "4.17.21"
                }
              }
            },
            "@unitybase/cs-shared": {
              "version": "file:../cs-shared",
              "requires": {
                "@unitybase/update-changelog": "^1.0.4",
                "lodash": "^4"
              },
              "dependencies": {
                "@unitybase/update-changelog": {
                  "version": "file:../update-changelog"
                },
                "lodash": {
                  "version": "4.17.21"
                }
              }
            },
            "@unitybase/stubs": {
              "version": "file:../stubs"
            },
            "@unitybase/update-changelog": {
              "version": "file:../update-changelog"
            },
            "lodash": {
              "version": "4.17.21"
            },
            "mime-db": {
              "version": "1.52.0"
            },
            "mime-types": {
              "version": "2.1.35",
              "requires": {
                "mime-db": "1.52.0"
              }
            }
          }
        },
        "@unitybase/cryptojs": {
          "version": "file:../cryptojs"
        },
        "@unitybase/cs-shared": {
          "version": "file:../cs-shared",
          "requires": {
            "@unitybase/update-changelog": "^1.0.4",
            "lodash": "^4"
          },
          "dependencies": {
            "@unitybase/update-changelog": {
              "version": "file:../update-changelog"
            },
            "lodash": {
              "version": "4.17.21"
            }
          }
        },
        "@unitybase/stubs": {
          "version": "file:../stubs"
        },
        "@unitybase/update-changelog": {
          "version": "file:../update-changelog"
        },
        "lodash": {
          "version": "4.17.21"
        },
        "mime-db": {
          "version": "1.52.0"
        },
        "mime-types": {
          "version": "2.1.35",
          "requires": {
            "mime-db": "1.52.0"
          }
        }
      }
    },
    "@unitybase/uba": {
      "version": "file:../uba",
      "requires": {
        "@unitybase/base": "^5.23.8",
        "@unitybase/cs-shared": "^5.23.7",
        "@unitybase/stubs": "^5.22.8",
        "@unitybase/ub": "^5.23.14",
        "@unitybase/update-changelog": "^1.0.4"
      },
      "dependencies": {
        "@unitybase/base": {
          "version": "file:../base",
          "requires": {
            "@unitybase/cryptojs": "^1.0.14",
            "@unitybase/cs-shared": "^5.23.7",
            "@unitybase/stubs": "^5.22.8",
            "@unitybase/update-changelog": "^1.0.4",
            "lodash": "^4"
          },
          "dependencies": {
            "@unitybase/cryptojs": {
              "version": "file:../cryptojs"
            },
            "@unitybase/cs-shared": {
              "version": "file:../cs-shared",
              "requires": {
                "@unitybase/update-changelog": "^1.0.4",
                "lodash": "^4"
              },
              "dependencies": {
                "@unitybase/update-changelog": {
                  "version": "file:../update-changelog"
                },
                "lodash": {
                  "version": "4.17.21"
                }
              }
            },
            "@unitybase/stubs": {
              "version": "file:../stubs"
            },
            "@unitybase/update-changelog": {
              "version": "file:../update-changelog"
            },
            "lodash": {
              "version": "4.17.21"
            }
          }
        },
        "@unitybase/cs-shared": {
          "version": "file:../cs-shared",
          "requires": {
            "@unitybase/update-changelog": "^1.0.4",
            "lodash": "^4"
          },
          "dependencies": {
            "@unitybase/update-changelog": {
              "version": "file:../update-changelog"
            },
            "lodash": {
              "version": "4.17.21"
            }
          }
        },
        "@unitybase/stubs": {
          "version": "file:../stubs"
        },
        "@unitybase/ub": {
          "version": "file:../ub",
          "requires": {
            "@unitybase/base": "^5.23.8",
            "@unitybase/blob-stores": "^5.23.9",
            "@unitybase/cryptojs": "^1.0.14",
            "@unitybase/cs-shared": "^5.23.7",
            "@unitybase/stubs": "^5.22.8",
            "@unitybase/update-changelog": "^1.0.4",
            "lodash": "^4",
            "mime-types": "^2.1.14"
          },
          "dependencies": {
            "@unitybase/base": {
              "version": "file:../base",
              "requires": {
                "@unitybase/cryptojs": "^1.0.14",
                "@unitybase/cs-shared": "^5.23.7",
                "@unitybase/stubs": "^5.22.8",
                "@unitybase/update-changelog": "^1.0.4",
                "lodash": "^4"
              },
              "dependencies": {
                "@unitybase/cryptojs": {
                  "version": "file:../cryptojs"
                },
                "@unitybase/cs-shared": {
                  "version": "file:../cs-shared",
                  "requires": {
                    "@unitybase/update-changelog": "^1.0.4",
                    "lodash": "^4"
                  },
                  "dependencies": {
                    "@unitybase/update-changelog": {
                      "version": "file:../update-changelog"
                    },
                    "lodash": {
                      "version": "4.17.21"
                    }
                  }
                },
                "@unitybase/stubs": {
                  "version": "file:../stubs"
                },
                "@unitybase/update-changelog": {
                  "version": "file:../update-changelog"
                },
                "lodash": {
                  "version": "4.17.21"
                }
              }
            },
            "@unitybase/blob-stores": {
              "version": "file:../blob-stores",
              "requires": {
                "@unitybase/base": "^5.23.8",
                "@unitybase/cs-shared": "^5.23.7",
                "@unitybase/stubs": "^5.22.8",
                "@unitybase/update-changelog": "^1.0.4",
                "lodash": "^4",
                "mime-types": "^2.1.14"
              },
              "dependencies": {
                "@unitybase/base": {
                  "version": "file:../base",
                  "requires": {
                    "@unitybase/cryptojs": "^1.0.14",
                    "@unitybase/cs-shared": "^5.23.7",
                    "@unitybase/stubs": "^5.22.8",
                    "@unitybase/update-changelog": "^1.0.4",
                    "lodash": "^4"
                  },
                  "dependencies": {
                    "@unitybase/cryptojs": {
                      "version": "file:../cryptojs"
                    },
                    "@unitybase/cs-shared": {
                      "version": "file:../cs-shared",
                      "requires": {
                        "@unitybase/update-changelog": "^1.0.4",
                        "lodash": "^4"
                      },
                      "dependencies": {
                        "@unitybase/update-changelog": {
                          "version": "file:../update-changelog"
                        },
                        "lodash": {
                          "version": "4.17.21"
                        }
                      }
                    },
                    "@unitybase/stubs": {
                      "version": "file:../stubs"
                    },
                    "@unitybase/update-changelog": {
                      "version": "file:../update-changelog"
                    },
                    "lodash": {
                      "version": "4.17.21"
                    }
                  }
                },
                "@unitybase/cs-shared": {
                  "version": "file:../cs-shared",
                  "requires": {
                    "@unitybase/update-changelog": "^1.0.4",
                    "lodash": "^4"
                  },
                  "dependencies": {
                    "@unitybase/update-changelog": {
                      "version": "file:../update-changelog"
                    },
                    "lodash": {
                      "version": "4.17.21"
                    }
                  }
                },
                "@unitybase/stubs": {
                  "version": "file:../stubs"
                },
                "@unitybase/update-changelog": {
                  "version": "file:../update-changelog"
                },
                "lodash": {
                  "version": "4.17.21"
                },
                "mime-db": {
                  "version": "1.52.0"
                },
                "mime-types": {
                  "version": "2.1.35",
                  "requires": {
                    "mime-db": "1.52.0"
                  }
                }
              }
            },
            "@unitybase/cryptojs": {
              "version": "file:../cryptojs"
            },
            "@unitybase/cs-shared": {
              "version": "file:../cs-shared",
              "requires": {
                "@unitybase/update-changelog": "^1.0.4",
                "lodash": "^4"
              },
              "dependencies": {
                "@unitybase/update-changelog": {
                  "version": "file:../update-changelog"
                },
                "lodash": {
                  "version": "4.17.21"
                }
              }
            },
            "@unitybase/stubs": {
              "version": "file:../stubs"
            },
            "@unitybase/update-changelog": {
              "version": "file:../update-changelog"
            },
            "lodash": {
              "version": "4.17.21"
            },
            "mime-db": {
              "version": "1.52.0"
            },
            "mime-types": {
              "version": "2.1.35",
              "requires": {
                "mime-db": "1.52.0"
              }
            }
          }
        },
        "@unitybase/update-changelog": {
          "version": "file:../update-changelog"
        }
      }
    },
    "@unitybase/update-changelog": {
      "version": "file:../update-changelog"
    },
    "argparse": {
      "version": "2.0.1",
      "resolved": "https://registry.npmjs.org/argparse/-/argparse-2.0.1.tgz",
      "integrity": "sha512-8+9WqebbFzpX9OR+Wa6O29asIogeRMzcGtAINdpMHHyAg10f05aSFVBbcEqGf/PXw1EjAZ+q2/bEBg3DvurK3Q=="
    },
    "commander": {
      "version": "2.20.3",
      "resolved": "https://registry.npmjs.org/commander/-/commander-2.20.3.tgz",
      "integrity": "sha512-GpVkmM8vF2vQUkj2LvZmD35JxeJOLCwJ9cUkugyk2nuhbv3+mJvpLYYt+0+USMxE+oj+ey/lJEnhZw75x/OMcQ=="
    },
    "discontinuous-range": {
      "version": "1.0.0",
      "resolved": "https://registry.npmjs.org/discontinuous-range/-/discontinuous-range-1.0.0.tgz",
      "integrity": "sha512-c68LpLbO+7kP/b1Hr1qs8/BJ09F5khZGTxqxZuhzxpmwJKOgRFHJWIb9/KmqnqHhLdO55aOxFH/EGBvUQbL/RQ=="
    },
    "moo": {
      "version": "0.5.1",
      "resolved": "https://registry.npmjs.org/moo/-/moo-0.5.1.tgz",
      "integrity": "sha512-I1mnb5xn4fO80BH9BLcF0yLypy2UKl+Cb01Fu0hJRkJjlCRtxZMWkTdAtDd5ZqCOxtCkhmRwyI57vWT+1iZ67w=="
    },
    "nearley": {
      "version": "2.20.1",
      "resolved": "https://registry.npmjs.org/nearley/-/nearley-2.20.1.tgz",
      "integrity": "sha512-+Mc8UaAebFzgV+KpI5n7DasuuQCHA89dmwm7JXw3TV43ukfNQ9DnBH3Mdb2g/I4Fdxc26pwimBWvjIw0UAILSQ==",
      "requires": {
        "commander": "^2.19.0",
        "moo": "^0.5.0",
        "railroad-diagrams": "^1.0.0",
        "randexp": "0.4.6"
      }
    },
    "railroad-diagrams": {
      "version": "1.0.0",
      "resolved": "https://registry.npmjs.org/railroad-diagrams/-/railroad-diagrams-1.0.0.tgz",
      "integrity": "sha512-cz93DjNeLY0idrCNOH6PviZGRN9GJhsdm9hpn1YCS879fj4W+x5IFJhhkRZcwVgMmFF7R82UA/7Oh+R8lLZg6A=="
    },
    "randexp": {
      "version": "0.4.6",
      "resolved": "https://registry.npmjs.org/randexp/-/randexp-0.4.6.tgz",
      "integrity": "sha512-80WNmd9DA0tmZrw9qQa62GPPWfuXJknrmVmLcxvq4uZBdYqb1wYoKTmnlGUchvVWe0XiLupYkBoXVOxz3C8DYQ==",
      "requires": {
        "discontinuous-range": "1.0.0",
        "ret": "~0.1.10"
      }
    },
    "ret": {
      "version": "0.1.15",
      "resolved": "https://registry.npmjs.org/ret/-/ret-0.1.15.tgz",
      "integrity": "sha512-TTlYpa+OL+vMMNG24xSlQGEJ3B/RzEfUlLct7b5G/ytav+wPrplCpVMFuwzXbkecJrb6IYo1iFb0S9v37754mg=="
    },
    "sql-formatter": {
      "version": "10.6.0",
      "resolved": "https://registry.npmjs.org/sql-formatter/-/sql-formatter-10.6.0.tgz",
      "integrity": "sha512-JJ8Hzz0DvucqOq+OGjJIUm8wqkh5BDBOfqG5hMiTUtoA9dlAHaG+E1nG1zNPPXkdltN3UnwXkWvQ3mTpWVISUg==",
      "requires": {
        "argparse": "^2.0.1",
        "nearley": "^2.20.1"
      }
    }
  }
}
