<?xml version="1.0" encoding="UTF-8"?>
<CONFIG>
  <ProjectOptions>
    <Version Value="11"/>
    <General>
      <Flags>
        <MainUnitHasCreateFormStatements Value="False"/>
        <MainUnitHasTitleStatement Value="False"/>
        <MainUnitHasScaledStatement Value="False"/>
      </Flags>
      <SessionStorage Value="InProjectDir"/>
      <MainUnit Value="0"/>
      <Title Value="ubamqp"/>
      <UseAppBundle Value="False"/>
      <ResourceType Value="res"/>
    </General>
    <i18n>
      <EnableI18N LFM="False"/>
    </i18n>
    <BuildModes Count="3">
      <Item1 Name="Default" Default="True"/>
      <Item2 Name="ReleaseWin64">
        <CompilerOptions>
          <Version Value="11"/>
          <Target>
            <Filename Value="../bin/$(TargetCPU)/"/>
          </Target>
          <SearchPaths>
            <IncludeFiles Value="$Env(UB_SRC)/libs/Synopse/SyNode;$Env(UB_SRC)/libs/Synopse;$Env(UB_SRC)/libs/synapse40/source/lib;$(ProjOutDir)"/>
            <Libraries Value="$Env(UB_SRC)/libs/Synopse/static/$(TargetCPU)-$(TargetOS)"/>
            <OtherUnitFiles Value="$Env(UB_SRC)/libs/Synopse/SyNode;$Env(UB_SRC)/libs/Synopse/SyNode/puv;$Env(UB_SRC)/libs/Synopse;$Env(UB_SRC)/libs/Synopse/SQLite3;$Env(UB_SRC)/libs/synapse40/source/lib;Delphi-RabbitMQ"/>
            <UnitOutputDirectory Value="../lib/$(TargetCPU)-$(TargetOS)"/>
          </SearchPaths>
          <Parsing>
            <SyntaxOptions>
              <SyntaxMode Value="Delphi"/>
            </SyntaxOptions>
          </Parsing>
          <CodeGeneration>
            <RelocatableUnit Value="True"/>
            <TargetCPU Value="x86_64"/>
            <TargetOS Value="win64"/>
            <Optimizations>
              <OptimizationLevel Value="2"/>
            </Optimizations>
          </CodeGeneration>
          <Linking>
            <Debugging>
              <GenerateDebugInfo Value="False"/>
            </Debugging>
            <Options>
              <ExecutableType Value="Library"/>
            </Options>
          </Linking>
          <Other>
            <Verbosity>
              <ShowWarn Value="False"/>
              <ShowNotes Value="False"/>
              <ShowHints Value="False"/>
            </Verbosity>
            <WriteFPCLogo Value="False"/>
            <CustomOptions Value="-dSM52"/>
          </Other>
        </CompilerOptions>
      </Item2>
      <Item3 Name="ReleaseLinux">
        <CompilerOptions>
          <Version Value="11"/>
          <Target>
            <Filename Value="../bin/$(TargetCPU)/"/>
          </Target>
          <SearchPaths>
            <IncludeFiles Value="$Env(UB_SRC)/libs/Synopse/SyNode;$Env(UB_SRC)/libs/Synopse;$Env(UB_SRC)/libs/synapse40/source/lib;$(ProjOutDir)"/>
            <Libraries Value="$Env(UB_SRC)/bin/fpc-linux"/>
            <OtherUnitFiles Value="$Env(UB_SRC)/libs/Synopse/SyNode;$Env(UB_SRC)/libs/Synopse/SyNode/puv;$Env(UB_SRC)/libs/Synopse;$Env(UB_SRC)/libs/Synopse/SQLite3;$Env(UB_SRC)/libs/synapse40/source/lib;Delphi-RabbitMQ"/>
            <UnitOutputDirectory Value="../lib/$(TargetCPU)-$(TargetOS)"/>
          </SearchPaths>
          <Conditionals Value="// check compilation executed under windows
// TargetOS and SrcOS not work for this
e:=GetIDEValue('OS');
if e='win64' then begin
  CustomOptions += ' -FL$(LazarusDir)..\cross\lib\x86_64-linux\ld-linux-x86-64.so.2';
end;"/>
          <Parsing>
            <SyntaxOptions>
              <SyntaxMode Value="Delphi"/>
            </SyntaxOptions>
          </Parsing>
          <CodeGeneration>
            <RelocatableUnit Value="True"/>
            <TargetCPU Value="x86_64"/>
            <TargetOS Value="linux"/>
            <Optimizations>
              <OptimizationLevel Value="2"/>
            </Optimizations>
          </CodeGeneration>
          <Linking>
            <Debugging>
              <GenerateDebugInfo Value="False"/>
            </Debugging>
            <Options>
              <ExecutableType Value="Library"/>
            </Options>
          </Linking>
          <Other>
            <Verbosity>
              <ShowWarn Value="False"/>
              <ShowNotes Value="False"/>
              <ShowHints Value="False"/>
            </Verbosity>
            <WriteFPCLogo Value="False"/>
            <CustomOptions Value="-dSM52"/>
          </Other>
        </CompilerOptions>
      </Item3>
    </BuildModes>
    <PublishOptions>
      <Version Value="2"/>
    </PublishOptions>
    <RunParams>
      <FormatVersion Value="2"/>
      <Modes Count="0"/>
    </RunParams>
    <RequiredPackages Count="1">
      <Item1>
        <PackageName Value="LazUtils"/>
      </Item1>
    </RequiredPackages>
    <Units Count="10">
      <Unit0>
        <Filename Value="ubamqp.dpr"/>
        <IsPartOfProject Value="True"/>
      </Unit0>
      <Unit1>
        <Filename Value="Delphi-RabbitMQ/rabbitmq.pas"/>
        <IsPartOfProject Value="True"/>
      </Unit1>
      <Unit2>
        <Filename Value="UBAmqpBasicMessage.pas"/>
        <IsPartOfProject Value="True"/>
      </Unit2>
      <Unit3>
        <Filename Value="UBAmqpChannel.pas"/>
        <IsPartOfProject Value="True"/>
      </Unit3>
      <Unit4>
        <Filename Value="UBAmqpErrors.pas"/>
        <IsPartOfProject Value="True"/>
      </Unit4>
      <Unit5>
        <Filename Value="UBAmqpPlugin.pas"/>
        <IsPartOfProject Value="True"/>
      </Unit5>
      <Unit6>
        <Filename Value="UBAmqpProto.pas"/>
        <IsPartOfProject Value="True"/>
      </Unit6>
      <Unit7>
        <Filename Value="UBAmqpTable.pas"/>
        <IsPartOfProject Value="True"/>
      </Unit7>
      <Unit8>
        <Filename Value="UBAmqpConnection.pas"/>
        <IsPartOfProject Value="True"/>
      </Unit8>
      <Unit9>
        <Filename Value="UBAmqpTypes.pas"/>
        <IsPartOfProject Value="True"/>
      </Unit9>
    </Units>
  </ProjectOptions>
  <CompilerOptions>
    <Version Value="11"/>
    <Target>
      <Filename Value="../bin/$(TargetCPU)/ubamqp"/>
    </Target>
    <SearchPaths>
      <IncludeFiles Value="$Env(UB_SRC)/libs/Synopse/SyNode;$Env(UB_SRC)/libs/Synopse;$Env(UB_SRC)/libs/synapse40/source/lib;$(ProjOutDir)"/>
      <Libraries Value="$Env(UB_SRC)/libs/Synopse/static/$(TargetCPU)-$(TargetOS)"/>
      <OtherUnitFiles Value="Delphi-RabbitMQ;$Env(UB_SRC)/libs/generics.collections/src;$Env(UB_SRC)/libs/synapse40/source/lib;$Env(UB_SRC)/libs/Synopse/SyNode;$Env(UB_SRC)/libs/Synopse/SyNode/puv;$Env(UB_SRC)/libs/Synopse;$Env(UB_SRC)/libs/Synopse/SQLite3"/>
      <UnitOutputDirectory Value="../lib/$(TargetCPU)-$(TargetOS)"/>
    </SearchPaths>
    <Parsing>
      <SyntaxOptions>
        <SyntaxMode Value="Delphi"/>
      </SyntaxOptions>
    </Parsing>
    <CodeGeneration>
      <RelocatableUnit Value="True"/>
    </CodeGeneration>
    <Linking>
      <Options>
        <LinkerOptions Value="-L../bin/x86_64 -rpath=./bin/x86_64"/>
        <ExecutableType Value="Library"/>
      </Options>
    </Linking>
    <Other>
      <CustomOptions Value="-dSM52"/>
    </Other>
  </CompilerOptions>
</CONFIG>
