{
  "name": "node",
  "version": "1.0.9",
  "lockfileVersion": 1,
  "requires": true,
  "dependencies": {
    "@unitybase/cryptojs": {
      "version": "1.0.13",
      "resolved": "http://registry.unitybase.info/@unitybase%2fcryptojs/-/cryptojs-1.0.13.tgz",
      "integrity": "sha512-qIFwM4370BG8UjPipY/fbtXz3WSEeL9d2yVjTgSQfQBQMRiSno8GOg7zrHCxFxUFy+Auc21PRxtQsytZ36Pa0w=="
    },
    "@unitybase/cs-shared": {
      "version": "5.0.3",
      "resolved": "http://registry.unitybase.info/@unitybase%2fcs-shared/-/cs-shared-5.0.3.tgz",
      "integrity": "sha512-0iZ1z8vSVyNqICqN94vF+QNH65R+tmLiSeoIxAH48n3lDFEf6lLCrrtJVQHvrj/NwFiLtm4eFYMefdOWtk05kg==",
      "requires": {
        "lodash": "^4"
      }
    },
    "@unitybase/ub-pub": {
      "version": "5.0.6",
      "resolved": "http://registry.unitybase.info/@unitybase%2fub-pub/-/ub-pub-5.0.6.tgz",
      "integrity": "sha512-PqSRmVQYtlqPW10l49Km5USAuJNWfGtA1hvr84osHtx/H43DCXxFOwIjYYjtICkpSVJ2t8nB3SxASYCbsEa9Ew==",
      "requires": {
        "@unitybase/cryptojs": "^1.0.13",
        "@unitybase/cs-shared": "^5.0.3",
        "lodash": "^4"
      }
    },
    "lodash": {
      "version": "4.17.10",
      "resolved": "https://registry.npmjs.org/lodash/-/lodash-4.17.10.tgz",
      "integrity": "sha512-UejweD1pDoXu+AD825lWwp4ZGtSwgnpZxb3JDViD7StjQz+Nb/6l093lx4OQ0foGWNRoc19mWy7BzL+UAK2iVg=="
    },
    "xhr2": {
      "version": "0.1.4",
      "resolved": "https://registry.npmjs.org/xhr2/-/xhr2-0.1.4.tgz",
      "integrity": "sha1-f4dliEdxbbUCYyOBL4GMras4el8="
    },
    "xmlhttprequest": {
      "version": "1.8.0",
      "resolved": "https://registry.npmjs.org/xmlhttprequest/-/xmlhttprequest-1.8.0.tgz",
      "integrity": "sha1-Z/4HXFwk/vOfnWX197f+dRcZaPw="
    }
  }
}
