{
	"name": "@unitybase/xlsx",
	"version": "5.23.6",
	"lockfileVersion": 2,
	"requires": true,
	"packages": {
		"": {
			"name": "@unitybase/xlsx",
			"version": "5.23.6",
			"license": "(GPL-3.0 OR LGPL-3.0 OR MPL-2.0)",
			"dependencies": {
				"jszip": "2.6.0",
				"lodash": "^4",
				"mustache": "^4.2.0"
			}
		},
		"node_modules/jszip": {
			"version": "2.6.0",
			"resolved": "https://registry.npmjs.org/jszip/-/jszip-2.6.0.tgz",
			"integrity": "sha512-/padri4rfNvEsN6pZwh1DEFOZMQxtFTQZMVa6krbRtkJqumH7ZBCYhYC6sbwQYPOQHWo5t/jDtuxxX0hg8wl0g==",
			"dependencies": {
				"pako": "~1.0.0"
			}
		},
		"node_modules/lodash": {
			"version": "4.17.21",
			"resolved": "https://registry.npmjs.org/lodash/-/lodash-4.17.21.tgz",
			"integrity": "sha512-v2kDEe57lecTulaDIuNTPy3Ry4gLGJ6Z1O3vE1krgXZNrsQ+LFTGHVxVjcXPs17LhbZVGedAJv8XZ1tvj5FvSg=="
		},
		"node_modules/mustache": {
			"version": "4.2.0",
			"resolved": "https://registry.npmjs.org/mustache/-/mustache-4.2.0.tgz",
			"integrity": "sha512-71ippSywq5Yb7/tVYyGbkBggbU8H3u5Rz56fH60jGFgr8uHwxs+aSKeqmluIVzM0m0kB7xQjKS6qPfd0b2ZoqQ==",
			"bin": {
				"mustache": "bin/mustache"
			}
		},
		"node_modules/pako": {
			"version": "1.0.11",
			"resolved": "https://registry.npmjs.org/pako/-/pako-1.0.11.tgz",
			"integrity": "sha512-4hLB8Py4zZce5s4yd9XzopqwVv/yGNhV1Bl8NTmCq1763HeK2+EwVTv+leGeL13Dnh2wfbqowVPXCIO0z4taYw=="
		}
	},
	"dependencies": {
		"jszip": {
			"version": "2.6.0",
			"resolved": "https://registry.npmjs.org/jszip/-/jszip-2.6.0.tgz",
			"integrity": "sha512-/padri4rfNvEsN6pZwh1DEFOZMQxtFTQZMVa6krbRtkJqumH7ZBCYhYC6sbwQYPOQHWo5t/jDtuxxX0hg8wl0g==",
			"requires": {
				"pako": "~1.0.0"
			}
		},
		"lodash": {
			"version": "4.17.21",
			"resolved": "https://registry.npmjs.org/lodash/-/lodash-4.17.21.tgz",
			"integrity": "sha512-v2kDEe57lecTulaDIuNTPy3Ry4gLGJ6Z1O3vE1krgXZNrsQ+LFTGHVxVjcXPs17LhbZVGedAJv8XZ1tvj5FvSg=="
		},
		"mustache": {
			"version": "4.2.0",
			"resolved": "https://registry.npmjs.org/mustache/-/mustache-4.2.0.tgz",
			"integrity": "sha512-71ippSywq5Yb7/tVYyGbkBggbU8H3u5Rz56fH60jGFgr8uHwxs+aSKeqmluIVzM0m0kB7xQjKS6qPfd0b2ZoqQ=="
		},
		"pako": {
			"version": "1.0.11",
			"resolved": "https://registry.npmjs.org/pako/-/pako-1.0.11.tgz",
			"integrity": "sha512-4hLB8Py4zZce5s4yd9XzopqwVv/yGNhV1Bl8NTmCq1763HeK2+EwVTv+leGeL13Dnh2wfbqowVPXCIO0z4taYw=="
		}
	}
}
