{
  "lockfileVersion": 1,
  "dependencies": {
    "@unitybase/stubs": {
      "version": "4.1.5",
      "resolved": "http://registry.unitybase.info/@unitybase%2fstubs/-/stubs-4.1.5.tgz",
      "integrity": "sha1-JhKtkJ6oagKZyD8H/nfkvrTwi9E=",
      "dev": true
    },
    "lodash": {
      "version": "4.17.4",
      "resolved": "http://registry.unitybase.info/lodash/-/lodash-4.17.4.tgz",
      "integrity": "sha1-eCA6TRwyiuHYbcpkYONptX9AVa4="
    }
  }
}
