{
  "lockfileVersion": 1,
  "dependencies": {
    "@unitybase/stubs": {
      "version": "4.1.5",
      "resolved": "http://registry.unitybase.info/@unitybase%2fstubs/-/stubs-4.1.5.tgz",
      "integrity": "sha1-JhKtkJ6oagKZyD8H/nfkvrTwi9E=",
      "dev": true
    },
    "mustache": {
      "version": "2.3.0",
      "resolved": "http://registry.unitybase.info/mustache/-/mustache-2.3.0.tgz",
      "integrity": "sha1-QCj3d4sXcIpImTCm5SrDvKDaQdA="
    }
  }
}
