{
  "requires": true,
  "lockfileVersion": 1,
  "dependencies": {
    "asn1js": {
      "version": "2.0.19",
      "resolved": "https://registry.npmjs.org/asn1js/-/asn1js-2.0.19.tgz",
      "integrity": "sha512-T6vwOFnMceQjRVPXik/maqd46vhfm2urHmywfCtl9GYgoVE/au/swc3wAl/ogP5aw7d2AHNXwJJjUtjZkSTUBQ==",
      "requires": {
        "pvutils": "latest"
      },
      "dependencies": {
        "pvutils": {
          "version": "1.0.12",
          "resolved": "https://registry.npmjs.org/pvutils/-/pvutils-1.0.12.tgz",
          "integrity": "sha512-6al4SlHDjWaIoVZ/rGZ2Spppa2Iw4zckiH2p93e7eFBnnDbWOl95wJW9VVRmTuxIXN+H/vIEKwswzR+j8ngNAg=="
        }
      }
    },
    "pkijs": {
      "version": "2.1.46",
      "resolved": "https://registry.npmjs.org/pkijs/-/pkijs-2.1.46.tgz",
      "integrity": "sha512-nO5rFXcSfugqY3CKRJfeDXMcw1r4bqyh46Ild1xebxTndJGpqw6XVoFQH+c0+mrW7nXfKavxIGMb4d4WN10Rkw==",
      "requires": {
        "asn1js": "latest",
        "pvutils": "latest"
      },
      "dependencies": {
        "asn1js": {
          "version": "2.0.19",
          "resolved": "https://registry.npmjs.org/asn1js/-/asn1js-2.0.19.tgz",
          "integrity": "sha512-T6vwOFnMceQjRVPXik/maqd46vhfm2urHmywfCtl9GYgoVE/au/swc3wAl/ogP5aw7d2AHNXwJJjUtjZkSTUBQ==",
          "requires": {
            "pvutils": "latest"
          }
        },
        "pvutils": {
          "version": "1.0.12",
          "resolved": "https://registry.npmjs.org/pvutils/-/pvutils-1.0.12.tgz",
          "integrity": "sha512-6al4SlHDjWaIoVZ/rGZ2Spppa2Iw4zckiH2p93e7eFBnnDbWOl95wJW9VVRmTuxIXN+H/vIEKwswzR+j8ngNAg=="
        }
      }
    }
  }
}
