{
  "name": "autotest",
  "version": "5.0.145",
  "lockfileVersion": 1,
  "requires": true,
  "dependencies": {
    "asn1js": {
      "version": "2.0.19",
      "resolved": "https://registry.npmjs.org/asn1js/-/asn1js-2.0.19.tgz",
      "integrity": "sha512-T6vwOFnMceQjRVPXik/maqd46vhfm2urHmywfCtl9GYgoVE/au/swc3wAl/ogP5aw7d2AHNXwJJjUtjZkSTUBQ==",
      "requires": {
        "pvutils": "^1.0.14"
      },
      "dependencies": {
        "pvutils": {
          "version": "1.0.14",
          "resolved": "https://registry.npmjs.org/pvutils/-/pvutils-1.0.14.tgz",
          "integrity": "sha512-658+4d4JkDXYd57SO5HtEsxqRGwTbSnjoVMWcdxJjBdrNmry/c3dGlvr252MN04108uzij1dW7rJiWvTtKKeXA=="
        }
      }
    },
    "async-validator": {
      "version": "1.8.5",
      "resolved": "https://registry.npmjs.org/async-validator/-/async-validator-1.8.5.tgz",
      "integrity": "sha512-tXBM+1m056MAX0E8TL2iCjg8WvSyXu0Zc8LNtYqrVeyoL3+esHRZ4SieE9fKQyyU09uONjnMEjrNBMqT0mbvmA==",
      "requires": {
        "babel-runtime": "6.x"
      }
    },
    "babel-helper-vue-jsx-merge-props": {
      "version": "2.0.3",
      "resolved": "https://registry.npmjs.org/babel-helper-vue-jsx-merge-props/-/babel-helper-vue-jsx-merge-props-2.0.3.tgz",
      "integrity": "sha512-gsLiKK7Qrb7zYJNgiXKpXblxbV5ffSwR0f5whkPAaBAR4fhi6bwRZxX9wBlIc5M/v8CCkXUbXZL4N/nSE97cqg=="
    },
    "babel-runtime": {
      "version": "6.26.0",
      "resolved": "https://registry.npmjs.org/babel-runtime/-/babel-runtime-6.26.0.tgz",
      "integrity": "sha1-llxwWGaOgrVde/4E/yM3vItWR/4=",
      "requires": {
        "core-js": "^2.4.0",
        "regenerator-runtime": "^0.11.0"
      },
      "dependencies": {
        "core-js": {
          "version": "2.5.6",
          "resolved": "https://registry.npmjs.org/core-js/-/core-js-2.5.6.tgz",
          "integrity": "sha512-lQUVfQi0aLix2xpyjrrJEvfuYCqPc/HwmTKsC/VNf8q0zsjX7SQZtp4+oRONN5Tsur9GDETPjj+Ub2iDiGZfSQ=="
        }
      }
    },
    "bluebird": {
      "version": "3.5.1",
      "resolved": "https://registry.npmjs.org/bluebird/-/bluebird-3.5.1.tgz",
      "integrity": "sha512-MKiLiV+I1AA596t9w1sQJ8jkiSr5+ZKi0WKrYGUn6d1Fx+Ij4tIj+m2WMQSGczs5jZVxV339chE8iwk6F64wjA=="
    },
    "bluebird-q": {
      "version": "2.1.1",
      "resolved": "https://registry.npmjs.org/bluebird-q/-/bluebird-q-2.1.1.tgz",
      "integrity": "sha1-cfk9BVVdYNkPJzKK3Vcw2rlOmYs=",
      "requires": {
        "bluebird": "^3.4.6"
      }
    },
    "canvas-renderer": {
      "version": "2.1.1",
      "resolved": "https://registry.npmjs.org/canvas-renderer/-/canvas-renderer-2.1.1.tgz",
      "integrity": "sha512-/V0XetN7s1Mk3NO7x2wxPZYv0pLMQtGAhecuOuKR88beiYCUle1AbCcFZNLu+4NVzi9RVHS0rXtIgzPEaKidLw=="
    },
    "codemirror": {
      "version": "5.44.0",
      "resolved": "https://registry.npmjs.org/codemirror/-/codemirror-5.44.0.tgz",
      "integrity": "sha512-3l42syTNakCdCQuYeZJXTyxina6Y9i4V0ighSJXNCQtRbaCN76smKKLu1ZHPHQon3rnzC7l4i/0r4gp809K1wg=="
    },
    "de-indent": {
      "version": "1.0.2",
      "resolved": "https://registry.npmjs.org/de-indent/-/de-indent-1.0.2.tgz",
      "integrity": "sha1-sgOOhG3DO6pXlhKNCAS0VbjB4h0="
    },
    "deepmerge": {
      "version": "1.5.2",
      "resolved": "https://registry.npmjs.org/deepmerge/-/deepmerge-1.5.2.tgz",
      "integrity": "sha512-95k0GDqvBjZavkuvzx/YqVLv/6YYa17fz6ILMSf7neqQITCPbnfEnQvEgMPNjH4kgobe7+WIL0yJEHku+H3qtQ=="
    },
    "element-ui": {
      "version": "2.8.2",
      "resolved": "https://registry.npmjs.org/element-ui/-/element-ui-2.8.2.tgz",
      "integrity": "sha512-LABKHKGUyewFNvpf9BQLecB659Wq0XYvyP1tBveZ4RWpdlPSylDfGW/RLvDYU7zuCBoRasdZAz7ryjOwq1lLNg==",
      "requires": {
        "async-validator": "~1.8.1",
        "babel-helper-vue-jsx-merge-props": "^2.0.0",
        "deepmerge": "^1.2.0",
        "normalize-wheel": "^1.0.1",
        "resize-observer-polyfill": "^1.5.0",
        "throttle-debounce": "^1.0.1"
      },
      "dependencies": {
        "throttle-debounce": {
          "version": "1.1.0",
          "resolved": "https://registry.npmjs.org/throttle-debounce/-/throttle-debounce-1.1.0.tgz",
          "integrity": "sha512-XH8UiPCQcWNuk2LYePibW/4qL97+ZQ1AN3FNXwZRBNPPowo/NRU5fAlDCSNBJIYCKbioZfuYtMhG4quqoJhVzg=="
        }
      }
    },
    "es6-promise": {
      "version": "4.2.4",
      "resolved": "https://registry.npmjs.org/es6-promise/-/es6-promise-4.2.4.tgz",
      "integrity": "sha512-/NdNZVJg+uZgtm9eS3O6lrOLYmQag2DjdEXuPaHlZ6RuVqgqaVZfgYCepEIKsLqwdQArOPtC3XzRLqGGfT8KQQ=="
    },
    "file-saver": {
      "version": "1.3.8",
      "resolved": "https://registry.npmjs.org/file-saver/-/file-saver-1.3.8.tgz",
      "integrity": "sha512-spKHSBQIxxS81N/O21WmuXA2F6wppUCsutpzenOeZzOCCJ5gEfcbqJP983IrpLXzYmXnMUa6J03SubcNPdKrlg=="
    },
    "font-awesome": {
      "version": "4.7.0",
      "resolved": "https://registry.npmjs.org/font-awesome/-/font-awesome-4.7.0.tgz",
      "integrity": "sha1-j6jPBBGhoxr9B7BtKQK7n8gVoTM="
    },
    "he": {
      "version": "1.1.1",
      "resolved": "https://registry.npmjs.org/he/-/he-1.1.1.tgz",
      "integrity": "sha1-k0EP0hsAlzUVH4howvJx80J+I/0="
    },
    "jdenticon": {
      "version": "2.1.1",
      "resolved": "https://registry.npmjs.org/jdenticon/-/jdenticon-2.1.1.tgz",
      "integrity": "sha512-bFD210JMaK2RMHGSkdDXqdQzasMrVIGDfxUMXD/Uwq2t7g9Njb4T6kms5TrocsLU0CDmQCoB0laGJ6JETiprsg==",
      "requires": {
        "canvas-renderer": "~2.1.1"
      }
    },
    "jszip": {
      "version": "2.6.0",
      "resolved": "https://registry.npmjs.org/jszip/-/jszip-2.6.0.tgz",
      "integrity": "sha1-f7PpwvEciphAYS212rvIzzp1NLc=",
      "requires": {
        "pako": "~1.0.0"
      }
    },
    "lodash": {
      "version": "4.17.10",
      "resolved": "https://registry.npmjs.org/lodash/-/lodash-4.17.10.tgz",
      "integrity": "sha512-UejweD1pDoXu+AD825lWwp4ZGtSwgnpZxb3JDViD7StjQz+Nb/6l093lx4OQ0foGWNRoc19mWy7BzL+UAK2iVg=="
    },
    "moment": {
      "version": "2.24.0",
      "resolved": "https://registry.npmjs.org/moment/-/moment-2.24.0.tgz",
      "integrity": "sha512-bV7f+6l2QigeBBZSM/6yTNq4P2fNpSWj/0e7jQcy87A8e7o2nAfP/34/2ky5Vw4B9S446EtIhodAzkFCcR4dQg=="
    },
    "mustache": {
      "version": "2.3.0",
      "resolved": "https://registry.npmjs.org/mustache/-/mustache-2.3.0.tgz",
      "integrity": "sha1-QCj3d4sXcIpImTCm5SrDvKDaQdA="
    },
    "mxgraph-js": {
      "version": "1.0.1",
      "resolved": "https://registry.npmjs.org/mxgraph-js/-/mxgraph-js-1.0.1.tgz",
      "integrity": "sha1-IXectONRZu0rJAdeqi2UR5kGdaM="
    },
    "node-cron": {
      "version": "1.2.1",
      "resolved": "https://registry.npmjs.org/node-cron/-/node-cron-1.2.1.tgz",
      "integrity": "sha1-jJC8XccjpWKJsHhmVatKHEy2A2g="
    },
    "normalize-wheel": {
      "version": "1.0.1",
      "resolved": "https://registry.npmjs.org/normalize-wheel/-/normalize-wheel-1.0.1.tgz",
      "integrity": "sha1-rsiGr/2wRQcNhWRH32Ls+GFG7EU="
    },
    "normalize.css": {
      "version": "8.0.0",
      "resolved": "https://registry.npmjs.org/normalize.css/-/normalize.css-8.0.0.tgz",
      "integrity": "sha512-iXcbM3NWr0XkNyfiSBsoPezi+0V92P9nj84yVV1/UZxRUrGczgX/X91KMAGM0omWLY2+2Q1gKD/XRn4gQRDB2A=="
    },
    "pako": {
      "version": "1.0.6",
      "resolved": "https://registry.npmjs.org/pako/-/pako-1.0.6.tgz",
      "integrity": "sha512-lQe48YPsMJAig+yngZ87Lus+NF+3mtu7DVOBu6b/gHO1YpKwIj5AWjZ/TOS7i46HD/UixzWb1zeWDZfGZ3iYcg=="
    },
    "pkijs": {
      "version": "2.1.47",
      "resolved": "https://registry.npmjs.org/pkijs/-/pkijs-2.1.47.tgz",
      "integrity": "sha512-inaxuLX7ZQsnzPzjdep3Cm73iBn9zlP3BPMyJSe/49seeFr9BBlqQta7meXqGj5RI/sxpfgZha7h0P+w+05DHQ==",
      "requires": {
        "asn1js": "^2.0.19",
        "pvutils": "^1.0.16"
      },
      "dependencies": {
        "asn1js": {
          "version": "2.0.19",
          "resolved": "https://registry.npmjs.org/asn1js/-/asn1js-2.0.19.tgz",
          "integrity": "sha512-T6vwOFnMceQjRVPXik/maqd46vhfm2urHmywfCtl9GYgoVE/au/swc3wAl/ogP5aw7d2AHNXwJJjUtjZkSTUBQ==",
          "requires": {
            "pvutils": "^1.0.16"
          }
        },
        "pvutils": {
          "version": "1.0.16",
          "resolved": "https://registry.npmjs.org/pvutils/-/pvutils-1.0.16.tgz",
          "integrity": "sha512-+8C8cKbON+UH3GxGRdF0xHwiaVhq0+lsHcUgN/MZLCLtvcYhVP3fQPhrnkucK2v/RqRuq4pw1jjyF9PwW9f7mA=="
        }
      }
    },
    "pvutils": {
      "version": "1.0.13",
      "resolved": "https://registry.npmjs.org/pvutils/-/pvutils-1.0.13.tgz",
      "integrity": "sha512-IzNkf9tfF3exGG6claqkkot9imafuSD1+wSJlL+V+qMsMePMbmP7mvw8FoRBkA+4ypWAmt5TQFu+bILlrVsVxA=="
    },
    "regenerator-runtime": {
      "version": "0.11.1",
      "resolved": "https://registry.npmjs.org/regenerator-runtime/-/regenerator-runtime-0.11.1.tgz",
      "integrity": "sha512-MguG95oij0fC3QV3URf4V2SDYGJhJnJGqvIIgdECeODCT98wSWDAJ94SSuVpYQUoTcGUIL6L4yNB7j1DFFHSBg=="
    },
    "resize-observer-polyfill": {
      "version": "1.5.1",
      "resolved": "https://registry.npmjs.org/resize-observer-polyfill/-/resize-observer-polyfill-1.5.1.tgz",
      "integrity": "sha512-LwZrotdHOo12nQuZlHEmtuXdqGoOD0OhaxopaNFxWzInpEgaLWoVuAMbTzixuosCx2nEG58ngzW3vxdWoxIgdg=="
    },
    "systemjs": {
      "version": "0.20.19",
      "resolved": "https://registry.npmjs.org/systemjs/-/systemjs-0.20.19.tgz",
      "integrity": "sha512-H/rKwNEEyej/+IhkmFNmKFyJul8tbH/muiPq5TyNoVTwsGhUjRsN3NlFnFQUvFXA3+GQmsXkCNXU6QKPl779aw=="
    },
    "systemjs-hmr": {
      "version": "2.0.9",
      "resolved": "https://registry.npmjs.org/systemjs-hmr/-/systemjs-hmr-2.0.9.tgz",
      "integrity": "sha1-JOk1MbfjPca0ZSoXx5thYYIDwDM="
    },
    "systemjs-plugin-css": {
      "version": "0.1.37",
      "resolved": "https://registry.npmjs.org/systemjs-plugin-css/-/systemjs-plugin-css-0.1.37.tgz",
      "integrity": "sha512-wCGG62zYXuOlNji5FlBjeMFAnLeAO/HQmFg+8UBX/mlHoAKLHlGFYRstlhGKibRU2oxk/BH9DaihOuhhNLi7Kg=="
    },
    "throttle-debounce": {
      "version": "2.1.0",
      "resolved": "https://registry.npmjs.org/throttle-debounce/-/throttle-debounce-2.1.0.tgz",
      "integrity": "sha512-AOvyNahXQuU7NN+VVvOOX+uW6FPaWdAOdRP5HfwYxAfCzXTFKRMoIMk+n+po318+ktcChx+F1Dd91G3YHeMKyg=="
    },
    "tinymce": {
      "version": "4.7.12",
      "resolved": "https://registry.npmjs.org/tinymce/-/tinymce-4.7.12.tgz",
      "integrity": "sha512-+D3YDPb0T7vXss6EmE5brD1ldTPLP+VS/db1Y2Q0t0sxleOls+OXaEWp438tA90Aydp2EKja3evocaLy1psDBg=="
    },
    "vue": {
      "version": "2.6.7",
      "resolved": "https://registry.npmjs.org/vue/-/vue-2.6.7.tgz",
      "integrity": "sha512-g7ADfQ82QU+j6F/bVDioVQf2ccIMYLuR4E8ev+RsDBlmwRkhGO3HhgF4PF9vpwjdPpxyb1zzLur2nQ2oIMAMEg=="
    },
    "vue-template-compiler": {
      "version": "2.6.7",
      "resolved": "https://registry.npmjs.org/vue-template-compiler/-/vue-template-compiler-2.6.7.tgz",
      "integrity": "sha512-ZjxJLr6Lw2gj6aQGKwBWTxVNNd28/qggIdwvr5ushrUHUvqgbHD0xusOVP2yRxT4pX3wRIJ2LfxjgFT41dEtoQ==",
      "requires": {
        "de-indent": "^1.0.2",
        "he": "^1.1.0"
      }
    },
    "vuelidate": {
      "version": "0.7.4",
      "resolved": "https://registry.npmjs.org/vuelidate/-/vuelidate-0.7.4.tgz",
      "integrity": "sha512-QHZWYOL325Zo+2K7VBNEJTZ496Kd8Z31p85aQJFldKudUUGBmgw4zu4ghl4CyqPwjRCmqZ9lDdx4FSdMnu4fGg=="
    },
    "vuex": {
      "version": "3.1.0",
      "resolved": "https://registry.npmjs.org/vuex/-/vuex-3.1.0.tgz",
      "integrity": "sha512-mdHeHT/7u4BncpUZMlxNaIdcN/HIt1GsGG5LKByArvYG/v6DvHcOxvDCts+7SRdCoIRGllK8IMZvQtQXLppDYg=="
    }
  }
}
