{
  "name": "@unitybase/ubcli",
  "version": "5.0.25",
  "lockfileVersion": 1,
  "requires": true,
  "dependencies": {
    "@unitybase/base": {
      "version": "5.0.15",
      "resolved": "http://registry.unitybase.info/@unitybase%2fbase/-/base-5.0.15.tgz",
      "integrity": "sha512-E86Ox80KI8y4+usjY8FsqVAGXIKS8lJjRtpmFpToTn7U32wmotXT9do9/Krz+hSR+O3zOlAp6KCd4hJf97jKOQ==",
      "requires": {
        "@unitybase/cryptojs": "1.0.13",
        "@unitybase/cs-shared": "5.0.6",
        "lodash": "4.17.4"
      },
      "dependencies": {
        "@unitybase/cryptojs": {
          "version": "1.0.13",
          "resolved": "http://registry.unitybase.info/@unitybase%2fcryptojs/-/cryptojs-1.0.13.tgz",
          "integrity": "sha512-qIFwM4370BG8UjPipY/fbtXz3WSEeL9d2yVjTgSQfQBQMRiSno8GOg7zrHCxFxUFy+Auc21PRxtQsytZ36Pa0w=="
        }
      }
    },
    "@unitybase/blob-stores": {
      "version": "5.0.9",
      "resolved": "http://registry.unitybase.info/@unitybase%2fblob-stores/-/blob-stores-5.0.9.tgz",
      "integrity": "sha512-Cdsb1+lEVvgOzgC1fTc67L5RffCRE2iWp36Oo9nduG4JvRlmm29RowVg90WguG7Wqd/DCRhUd6tCAtVk/7elVw==",
      "requires": {
        "@unitybase/base": "5.0.15",
        "@unitybase/cs-shared": "5.0.6",
        "lodash": "4.17.4",
        "mime-types": "2.1.18"
      }
    },
    "@unitybase/compressors": {
      "version": "5.0.9",
      "resolved": "http://registry.unitybase.info/@unitybase%2fcompressors/-/compressors-5.0.9.tgz",
      "integrity": "sha512-T3vkhKyajfR45MES6PMOv+G/HreMyBn8XiS4Q4sxQ5sLhzsrQEbFVZHe1aqULS+cZJ2+FtP/uNl/pSg5dweSeg=="
    },
    "@unitybase/cs-shared": {
      "version": "5.0.6",
      "resolved": "http://registry.unitybase.info/@unitybase%2fcs-shared/-/cs-shared-5.0.6.tgz",
      "integrity": "sha512-vZRMgOfFGSgz7trC06or34IZbBlRlaYSIehbM+sTbwCSgq5dyCCnRYEr74nFKhkFTGOi+ATDU3uVZC6CI6hrmg==",
      "requires": {
        "lodash": "4.17.4"
      }
    },
    "@unitybase/stubs": {
      "version": "5.0.9",
      "resolved": "http://registry.unitybase.info/@unitybase%2fstubs/-/stubs-5.0.9.tgz",
      "integrity": "sha512-4k055bfmUxgs2fIfyCy2AfTeOhWx9HnXc3wrvd0IgAatXmwz8D10BYR/EYv4gh96cK0MqEIpXjPLGd6B00piLw==",
      "dev": true
    },
    "@unitybase/ub": {
      "version": "5.0.24",
      "resolved": "http://registry.unitybase.info/@unitybase%2fub/-/ub-5.0.24.tgz",
      "integrity": "sha512-UYpQ+COeEeBrXpitDcvdZ6hegyJbL9OS9I+VLOmWq0a+TcEIqlWJb1EX5oTW7jK+CQ0N9s7HSc9GYA2Qh3zh5A==",
      "requires": {
        "@unitybase/base": "5.0.15",
        "@unitybase/blob-stores": "5.0.9",
        "@unitybase/cs-shared": "5.0.6",
        "lodash": "4.17.4",
        "mime-types": "2.1.18"
      }
    },
    "lodash": {
      "version": "4.17.4",
      "resolved": "https://registry.npmjs.org/lodash/-/lodash-4.17.4.tgz",
      "integrity": "sha1-eCA6TRwyiuHYbcpkYONptX9AVa4="
    },
    "mime-db": {
      "version": "1.33.0",
      "resolved": "https://registry.npmjs.org/mime-db/-/mime-db-1.33.0.tgz",
      "integrity": "sha512-BHJ/EKruNIqJf/QahvxwQZXKygOQ256myeN/Ew+THcAa5q+PjyTTMMeNQC4DZw5AwfvelsUrA6B67NKMqXDbzQ=="
    },
    "mime-types": {
      "version": "2.1.18",
      "resolved": "https://registry.npmjs.org/mime-types/-/mime-types-2.1.18.tgz",
      "integrity": "sha512-lc/aahn+t4/SWV/qcmumYjymLsWfN3ELhpmVuUFjgsORruuZPVSwAQryq+HHGvO/SI2KVX26bx+En+zhM8g8hQ==",
      "requires": {
        "mime-db": "1.33.0"
      }
    },
    "mustache": {
      "version": "2.3.0",
      "resolved": "https://registry.npmjs.org/mustache/-/mustache-2.3.0.tgz",
      "integrity": "sha1-QCj3d4sXcIpImTCm5SrDvKDaQdA="
    }
  }
}
