{
  "name": "@unitybase/ubcli",
  "version": "1.0.33",
  "lockfileVersion": 1,
  "requires": true,
  "dependencies": {
    "@unitybase/base": {
      "version": "4.2.14",
      "resolved": "http://registry.unitybase.info/@unitybase%2fbase/-/base-4.2.14.tgz",
      "integrity": "sha512-WX6OuyKVZ/Jvn3KElXwxQLfzCOrDLZWt5qG+5ucCfhq34uZ2wiksaa7r9Xse/Sup5/j6mmcLA7Mb4ynXQx9jTw==",
      "requires": {
        "@unitybase/cryptojs": "1.0.8",
        "lodash": "4.17.4"
      }
    },
    "@unitybase/cryptojs": {
      "version": "1.0.8",
      "resolved": "http://registry.unitybase.info/@unitybase%2fcryptojs/-/cryptojs-1.0.8.tgz",
      "integrity": "sha512-IDYy6LeJNFfL/MoHEy6Q78p1qtGQpJx5o94YwZZ/iNhOFVYcXIN12PvMkvCqgmB4JoxvglrW/JopQHU70wlDlg=="
    },
    "@unitybase/stubs": {
      "version": "4.1.6",
      "resolved": "http://registry.unitybase.info/@unitybase%2fstubs/-/stubs-4.1.6.tgz",
      "integrity": "sha512-Z1QD1G44hU//hnS/jwrVidkaSIjyNUXfHa+Cfmu/GTQFoNlTKIF5aWts4GvnYcm1kilIDQZPijGFQw+GqmI/KQ==",
      "dev": true
    },
    "lodash": {
      "version": "4.17.4",
      "resolved": "https://registry.npmjs.org/lodash/-/lodash-4.17.4.tgz",
      "integrity": "sha1-eCA6TRwyiuHYbcpkYONptX9AVa4="
    },
    "mustache": {
      "version": "2.3.0",
      "resolved": "https://registry.npmjs.org/mustache/-/mustache-2.3.0.tgz",
      "integrity": "sha1-QCj3d4sXcIpImTCm5SrDvKDaQdA="
    }
  }
}
