{
	"requires": true,
	"lockfileVersion": 1,
	"dependencies": {
		"@unitybase/base": {
			"version": "4.2.23",
			"resolved": "http://registry.unitybase.info/@unitybase%2fbase/-/base-4.2.23.tgz",
			"integrity": "sha512-4dv+izLUzGdWewPAy+AkGrXRyZooC80uHAw/eyExrW66fjnjF20q4bpY/pncguRE9ukaYjAoXu1wc4tRKPpEhw==",
			"requires": {
				"@unitybase/cryptojs": "1.0.13",
				"lodash": "4.17.4"
			},
			"dependencies": {
				"lodash": {
					"version": "4.17.4",
					"resolved": "https://registry.npmjs.org/lodash/-/lodash-4.17.4.tgz",
					"integrity": "sha1-eCA6TRwyiuHYbcpkYONptX9AVa4="
				}
			}
		},
		"@unitybase/cryptojs": {
			"version": "1.0.13",
			"resolved": "http://registry.unitybase.info/@unitybase%2fcryptojs/-/cryptojs-1.0.13.tgz",
			"integrity": "sha512-qIFwM4370BG8UjPipY/fbtXz3WSEeL9d2yVjTgSQfQBQMRiSno8GOg7zrHCxFxUFy+Auc21PRxtQsytZ36Pa0w=="
		},
		"@unitybase/dml-generator": {
			"version": "1.0.22",
			"resolved": "http://registry.unitybase.info/@unitybase%2fdml-generator/-/dml-generator-1.0.22.tgz",
			"integrity": "sha512-IrbCDGCnU1juX+7CwLlOmlRPpZakBUf/nn52Xf8RI0NGXvSCHscuLSCFUkvvBm+McQqe0MZakU1Zv/Q/sBOItg==",
			"requires": {
				"@unitybase/base": "4.2.23"
			}
		},
		"@unitybase/stubs": {
			"version": "4.1.13",
			"resolved": "http://registry.unitybase.info/@unitybase%2fstubs/-/stubs-4.1.13.tgz",
			"integrity": "sha512-ITZgM//ggemUCuOeXSYJMi6aNnlR+AtwUJ2fWY8pMZhtNk6oMniVJfHgds5B5EkZuO2x+tI3WhpwTkcJgqJiRw=="
		},
		"@unitybase/ub": {
			"version": "4.0.47",
			"resolved": "http://registry.unitybase.info/@unitybase%2fub/-/ub-4.0.47.tgz",
			"integrity": "sha512-1T5voCbDaJS0vnsuDytFOiNk3MuoR3s4sdlNc+f6K34NIdNatGkJGKa07mNEsYerwu1kbWmVLismPezWK0haww==",
			"requires": {
				"@unitybase/base": "4.2.23",
				"mime-types": "2.1.17"
			}
		},
		"@unitybase/ub-pub": {
			"version": "4.4.15",
			"resolved": "http://registry.unitybase.info/@unitybase%2fub-pub/-/ub-pub-4.4.15.tgz",
			"integrity": "sha512-FQYWEU+Agq13dBN2eXGvvbDulaz3c9JrhXg5cijBNEi+v/otMiLNV+jGasCQbSFdTQIlIhs/CJqIImnK5NVsoA==",
			"requires": {
				"@unitybase/base": "4.2.23",
				"@unitybase/cryptojs": "1.0.13",
				"lodash": "4.17.4"
			},
			"dependencies": {
				"lodash": {
					"version": "4.17.4",
					"resolved": "https://registry.npmjs.org/lodash/-/lodash-4.17.4.tgz",
					"integrity": "sha1-eCA6TRwyiuHYbcpkYONptX9AVa4="
				}
			}
		},
		"mime-db": {
			"version": "1.30.0",
			"resolved": "https://registry.npmjs.org/mime-db/-/mime-db-1.30.0.tgz",
			"integrity": "sha1-dMZD2i3Z1qRTmZY0ZbJtXKfXHwE="
		},
		"mime-types": {
			"version": "2.1.17",
			"resolved": "https://registry.npmjs.org/mime-types/-/mime-types-2.1.17.tgz",
			"integrity": "sha1-Cdejk/A+mVp5+K+Fe3Cp4KsWVXo=",
			"requires": {
				"mime-db": "1.30.0"
			}
		},
		"mustache": {
			"version": "2.3.0",
			"resolved": "https://registry.npmjs.org/mustache/-/mustache-2.3.0.tgz",
			"integrity": "sha1-QCj3d4sXcIpImTCm5SrDvKDaQdA="
		}
	}
}
