{
	"name": "benchmarks",
	"version": "5.0.70",
	"lockfileVersion": 1,
	"requires": true,
	"dependencies": {
		"@unitybase/base": {
			"version": "5.1.0",
			"resolved": "https://registry.unitybase.info:443/@unitybase%2fbase/-/base-5.1.0.tgz",
			"integrity": "sha512-9A8Ehz1fhhV5UO64UELkE8FFkuRZkGtqC4U4f+kExdcQu6TqhfF2DvB9zc2ZoLys4oY/gWP4rnDv8g9IK2UMtQ==",
			"requires": {
				"@unitybase/cryptojs": "^1.0.14",
				"@unitybase/cs-shared": "^5.0.15",
				"lodash": "^4"
			}
		},
		"@unitybase/blob-stores": {
			"version": "5.0.31",
			"resolved": "https://registry.unitybase.info:443/@unitybase%2fblob-stores/-/blob-stores-5.0.31.tgz",
			"integrity": "sha512-ZR0wdQ3vVwbAsemOd1kAMAj+yj7kZaLMHevAWh7m90od2ONQ08l4UqTJGJi+hlD+yRFUwoU0Kov3ZcST9jBsAA==",
			"requires": {
				"@unitybase/base": "^5.1.0",
				"@unitybase/cs-shared": "^5.0.15",
				"lodash": "^4",
				"mime-types": "^2.1.12"
			}
		},
		"@unitybase/compressors": {
			"version": "5.1.7",
			"resolved": "https://registry.unitybase.info:443/@unitybase%2fcompressors/-/compressors-5.1.7.tgz",
			"integrity": "sha512-nFXYcBrFwN20b8M0xRsuPmBSF8PCZGvhVK0BBmjJDNVagvXHFHgej+BWpV+Y+2XEQ4AnVNiMJLTnSJOBBGR6UQ==",
			"dev": true
		},
		"@unitybase/cryptojs": {
			"version": "1.0.14",
			"resolved": "https://registry.unitybase.info:443/@unitybase%2fcryptojs/-/cryptojs-1.0.14.tgz",
			"integrity": "sha512-yYCM5P0iH+si37bYQ9aw6/Fr5dQmyRNR22cRWLRf2mPa3vgZNIHS7JInBwQ15qDyFsCaCw89Mo4J2UZ6LG4Szg=="
		},
		"@unitybase/cs-shared": {
			"version": "5.0.15",
			"resolved": "https://registry.unitybase.info:443/@unitybase%2fcs-shared/-/cs-shared-5.0.15.tgz",
			"integrity": "sha512-Fkw51YMVokPKNQEHXIWf+I4sfHovQN9lBtyElOJSbfi/Pp/kqtA0RbWSF3XOfBJcZw7gnq8NOEaFg9yc36qsWQ==",
			"requires": {
				"lodash": "^4"
			}
		},
		"@unitybase/dml-generator": {
			"version": "5.0.33",
			"resolved": "https://registry.unitybase.info:443/@unitybase%2fdml-generator/-/dml-generator-5.0.33.tgz",
			"integrity": "sha512-uxqLzYH3qXNx7bt29GofHL450LCYtf3+zPdtG40p+3GD3GXAIQUpyGdhqr4B+SwK68wtIHrBEA1aRhBIruPGQw==",
			"requires": {
				"@unitybase/base": "^5.1.0"
			}
		},
		"@unitybase/stubs": {
			"version": "5.0.14",
			"resolved": "https://registry.unitybase.info:443/@unitybase%2fstubs/-/stubs-5.0.14.tgz",
			"integrity": "sha512-8Zd7UfnAPaMWVC/c9VCp6WF/iAmTVxMGH67koDQQMYrlVgEc6T+WEZVNKEyu2xEvJd2C8r6DtfPCiuDArv9Lig==",
			"dev": true
		},
		"@unitybase/ub": {
			"version": "5.1.1",
			"resolved": "https://registry.unitybase.info:443/@unitybase%2fub/-/ub-5.1.1.tgz",
			"integrity": "sha512-YE+rjhmQFRbfizfxVOnXsHw+YlP2RVaLja3nvmZ/wrZHFJqNQJTLBHov1OKDhSczyRsC4UREXCCe7f4QL1gXCQ==",
			"requires": {
				"@unitybase/base": "^5.1.0",
				"@unitybase/blob-stores": "^5.0.31",
				"@unitybase/cs-shared": "^5.0.15",
				"lodash": "^4",
				"mime-types": "^2.1.12"
			}
		},
		"@unitybase/ub-pub": {
			"version": "5.2.25",
			"resolved": "https://registry.unitybase.info:443/@unitybase%2fub-pub/-/ub-pub-5.2.25.tgz",
			"integrity": "sha512-1y1Znjjr5QcRwB1CjSc0OjwWmn4OTNsv3VjnzLpobygfXjbkue8uVG5vcEqQuz+fixWH8NXJIlYiHT/Or6kTeQ==",
			"requires": {
				"@unitybase/cryptojs": "^1.0.14",
				"@unitybase/cs-shared": "^5.0.15",
				"lodash": "^4"
			}
		},
		"@unitybase/ubcli": {
			"version": "5.3.1",
			"resolved": "https://registry.unitybase.info:443/@unitybase%2fubcli/-/ubcli-5.3.1.tgz",
			"integrity": "sha512-hMsJdxKpDzKIf4Kag24EukYeI6ydN2teclZExIfRZxy2QJngNMuK70gRP0PXtz8ygip8dGkepzJxeJjX/uD+ag==",
			"dev": true,
			"requires": {
				"@unitybase/base": "^5.1.0",
				"@unitybase/compressors": "^5.1.7",
				"@unitybase/cs-shared": "^5.0.15",
				"@unitybase/ub": "^5.1.1",
				"lodash": "^4",
				"mustache": "^2.3.0"
			}
		},
		"lodash": {
			"version": "4.17.11",
			"resolved": "https://registry.npmjs.org/lodash/-/lodash-4.17.11.tgz",
			"integrity": "sha512-cQKh8igo5QUhZ7lg38DYWAxMvjSAKG0A8wGSVimP07SIUEK2UO+arSRKbRZWtelMtN5V0Hkwh5ryOto/SshYIg=="
		},
		"mime-db": {
			"version": "1.37.0",
			"resolved": "https://registry.npmjs.org/mime-db/-/mime-db-1.37.0.tgz",
			"integrity": "sha512-R3C4db6bgQhlIhPU48fUtdVmKnflq+hRdad7IyKhtFj06VPNVdk2RhiYL3UjQIlso8L+YxAtFkobT0VK+S/ybg=="
		},
		"mime-types": {
			"version": "2.1.21",
			"resolved": "https://registry.npmjs.org/mime-types/-/mime-types-2.1.21.tgz",
			"integrity": "sha512-3iL6DbwpyLzjR3xHSFNFeb9Nz/M8WDkX33t1GFQnFOllWk8pOrh/LSrB5OXlnlW5P9LH73X6loW/eogc+F5lJg==",
			"requires": {
				"mime-db": "~1.37.0"
			}
		},
		"mustache": {
			"version": "2.3.2",
			"resolved": "https://registry.npmjs.org/mustache/-/mustache-2.3.2.tgz",
			"integrity": "sha512-KpMNwdQsYz3O/SBS1qJ/o3sqUJ5wSb8gb0pul8CO0S56b9Y2ALm8zCfsjPXsqGFfoNBkDwZuZIAjhsZI03gYVQ=="
		}
	}
}
