{
	"name": "@unitybase/openid-connect",
	"version": "5.23.10",
	"lockfileVersion": 2,
	"requires": true,
	"packages": {
		"": {
			"name": "@unitybase/openid-connect",
			"version": "5.23.10",
			"license": "(GPL-3.0 OR LGPL-3.0 OR MPL-2.0)",
			"dependencies": {
				"btoa": "^1.1.2"
			},
			"engines": {
				"UnityBase": ">=1.11"
			}
		},
		"node_modules/btoa": {
			"version": "1.2.1",
			"resolved": "https://registry.npmjs.org/btoa/-/btoa-1.2.1.tgz",
			"integrity": "sha512-SB4/MIGlsiVkMcHmT+pSmIPoNDoHg+7cMzmt3Uxt628MTz2487DKSqK/fuhFBrkuqrYv5UCEnACpF4dTFNKc/g==",
			"bin": {
				"btoa": "bin/btoa.js"
			},
			"engines": {
				"node": ">= 0.4.0"
			}
		}
	},
	"dependencies": {
		"btoa": {
			"version": "1.2.1",
			"resolved": "https://registry.npmjs.org/btoa/-/btoa-1.2.1.tgz",
			"integrity": "sha512-SB4/MIGlsiVkMcHmT+pSmIPoNDoHg+7cMzmt3Uxt628MTz2487DKSqK/fuhFBrkuqrYv5UCEnACpF4dTFNKc/g=="
		}
	}
}
