{
  "name": "@unitybase/openid-connect",
  "version": "1.0.3",
  "lockfileVersion": 1,
  "requires": true,
  "dependencies": {
    "@unitybase/stubs": {
      "version": "4.1.6",
      "resolved": "http://registry.unitybase.info/@unitybase%2fstubs/-/stubs-4.1.6.tgz",
      "integrity": "sha512-Z1QD1G44hU//hnS/jwrVidkaSIjyNUXfHa+Cfmu/GTQFoNlTKIF5aWts4GvnYcm1kilIDQZPijGFQw+GqmI/KQ==",
      "dev": true
    },
    "btoa": {
      "version": "1.1.2",
      "resolved": "https://registry.npmjs.org/btoa/-/btoa-1.1.2.tgz",
      "integrity": "sha1-PkC4FmP4HS3WWWpMtxSo3BbPq+A="
    }
  }
}
