{
	"name": "@unitybase/compressors",
	"version": "5.22.3",
	"lockfileVersion": 1,
	"requires": true,
	"dependencies": {
		"jszip": {
			"version": "2.6.0",
			"resolved": "https://registry.npmjs.org/jszip/-/jszip-2.6.0.tgz",
			"integrity": "sha1-f7PpwvEciphAYS212rvIzzp1NLc=",
			"dev": true,
			"requires": {
				"pako": "~1.0.0"
			}
		},
		"pako": {
			"version": "1.0.11",
			"resolved": "https://registry.npmjs.org/pako/-/pako-1.0.11.tgz",
			"integrity": "sha512-4hLB8Py4zZce5s4yd9XzopqwVv/yGNhV1Bl8NTmCq1763HeK2+EwVTv+leGeL13Dnh2wfbqowVPXCIO0z4taYw==",
			"dev": true
		},
		"pizzip": {
			"version": "3.1.1",
			"resolved": "https://registry.npmjs.org/pizzip/-/pizzip-3.1.1.tgz",
			"integrity": "sha512-+SYbkj87i+/4LR2F0lIeLTRFg95aj14OhGka988Jg8HiXZVOifdBIWaKZTnfZFvvUl5torCXQ/e+wZ6D23hPuQ==",
			"dev": true,
			"requires": {
				"pako": "^2.0.4"
			},
			"dependencies": {
				"pako": {
					"version": "2.0.4",
					"resolved": "https://registry.npmjs.org/pako/-/pako-2.0.4.tgz",
					"integrity": "sha512-v8tweI900AUkZN6heMU/4Uy4cXRc2AYNRggVmTR+dEncawDJgCdLMximOVA2p4qO57WMynangsfGRb5WD6L1Bg==",
					"dev": true
				}
			}
		}
	}
}
