{
	"name": "@unitybase/compressors",
	"version": "5.23.0",
	"lockfileVersion": 2,
	"requires": true,
	"packages": {
		"": {
			"name": "@unitybase/compressors",
			"version": "5.23.0",
			"license": "(GPL-3.0 OR LGPL-3.0 OR MPL-2.0)",
			"devDependencies": {
				"jszip": "^2.6.0",
				"pizzip": "^3.0.6"
			},
			"engines": {
				"UnityBase": "^4.0"
			}
		},
		"node_modules/jszip": {
			"version": "2.6.1",
			"resolved": "https://registry.npmjs.org/jszip/-/jszip-2.6.1.tgz",
			"integrity": "sha512-C4Z++nYQv+CudUkCWUdz+yKVhQiFJjuWSmRJ5Sg3d3/OzcJ6U4ooUYlmE3+rJXrVk89KWQaiJ9mPp/VLQ4D66g==",
			"dev": true,
			"dependencies": {
				"pako": "~1.0.2"
			}
		},
		"node_modules/pako": {
			"version": "1.0.11",
			"resolved": "https://registry.npmjs.org/pako/-/pako-1.0.11.tgz",
			"integrity": "sha512-4hLB8Py4zZce5s4yd9XzopqwVv/yGNhV1Bl8NTmCq1763HeK2+EwVTv+leGeL13Dnh2wfbqowVPXCIO0z4taYw==",
			"dev": true
		},
		"node_modules/pizzip": {
			"version": "3.1.1",
			"resolved": "https://registry.npmjs.org/pizzip/-/pizzip-3.1.1.tgz",
			"integrity": "sha512-+SYbkj87i+/4LR2F0lIeLTRFg95aj14OhGka988Jg8HiXZVOifdBIWaKZTnfZFvvUl5torCXQ/e+wZ6D23hPuQ==",
			"dev": true,
			"dependencies": {
				"pako": "^2.0.4"
			}
		},
		"node_modules/pizzip/node_modules/pako": {
			"version": "2.0.4",
			"resolved": "https://registry.npmjs.org/pako/-/pako-2.0.4.tgz",
			"integrity": "sha512-v8tweI900AUkZN6heMU/4Uy4cXRc2AYNRggVmTR+dEncawDJgCdLMximOVA2p4qO57WMynangsfGRb5WD6L1Bg==",
			"dev": true
		}
	},
	"dependencies": {
		"jszip": {
			"version": "2.6.1",
			"resolved": "https://registry.npmjs.org/jszip/-/jszip-2.6.1.tgz",
			"integrity": "sha512-C4Z++nYQv+CudUkCWUdz+yKVhQiFJjuWSmRJ5Sg3d3/OzcJ6U4ooUYlmE3+rJXrVk89KWQaiJ9mPp/VLQ4D66g==",
			"dev": true,
			"requires": {
				"pako": "~1.0.2"
			}
		},
		"pako": {
			"version": "1.0.11",
			"resolved": "https://registry.npmjs.org/pako/-/pako-1.0.11.tgz",
			"integrity": "sha512-4hLB8Py4zZce5s4yd9XzopqwVv/yGNhV1Bl8NTmCq1763HeK2+EwVTv+leGeL13Dnh2wfbqowVPXCIO0z4taYw==",
			"dev": true
		},
		"pizzip": {
			"version": "3.1.1",
			"resolved": "https://registry.npmjs.org/pizzip/-/pizzip-3.1.1.tgz",
			"integrity": "sha512-+SYbkj87i+/4LR2F0lIeLTRFg95aj14OhGka988Jg8HiXZVOifdBIWaKZTnfZFvvUl5torCXQ/e+wZ6D23hPuQ==",
			"dev": true,
			"requires": {
				"pako": "^2.0.4"
			},
			"dependencies": {
				"pako": {
					"version": "2.0.4",
					"resolved": "https://registry.npmjs.org/pako/-/pako-2.0.4.tgz",
					"integrity": "sha512-v8tweI900AUkZN6heMU/4Uy4cXRc2AYNRggVmTR+dEncawDJgCdLMximOVA2p4qO57WMynangsfGRb5WD6L1Bg==",
					"dev": true
				}
			}
		}
	}
}
